// !$*UTF8*$!
{
	archiveVersion = 1;
	classes = {
	};
	objectVersion = 51;
	objects = {

/* Begin PBXBuildFile section */
		7615531226C8A3D9003680BA /* Welcome.storyboard in Resources */ = {isa = PBXBuildFile; fileRef = 7615531126C8A3D9003680BA /* Welcome.storyboard */; };
		767CC8B926CB65B000886929 /* Endpoints.swift in Sources */ = {isa = PBXBuildFile; fileRef = 767CC8B826CB65B000886929 /* Endpoints.swift */; };
		767CC8BC26CB66E500886929 /* Post.swift in Sources */ = {isa = PBXBuildFile; fileRef = 767CC8BB26CB66E500886929 /* Post.swift */; };
		767CC8BE26CB676900886929 /* PostLocation.swift in Sources */ = {isa = PBXBuildFile; fileRef = 767CC8BD26CB676900886929 /* PostLocation.swift */; };
		767CC8C026CB677A00886929 /* User.swift in Sources */ = {isa = PBXBuildFile; fileRef = 767CC8BF26CB677A00886929 /* User.swift */; };
		767CC8C326CB67AC00886929 /* LoginRequest.swift in Sources */ = {isa = PBXBuildFile; fileRef = 767CC8C226CB67AC00886929 /* LoginRequest.swift */; };
		767CC8C526CB67BC00886929 /* PostRequest.swift in Sources */ = {isa = PBXBuildFile; fileRef = 767CC8C426CB67BC00886929 /* PostRequest.swift */; };
		767CC8C726CB67C900886929 /* PostRequestLocation.swift in Sources */ = {isa = PBXBuildFile; fileRef = 767CC8C626CB67C900886929 /* PostRequestLocation.swift */; };
		767CC8C926CB683E00886929 /* RegisterRequest.swift in Sources */ = {isa = PBXBuildFile; fileRef = 767CC8C826CB683E00886929 /* RegisterRequest.swift */; };
		767CC8CC26CB689400886929 /* ErrorResponse.swift in Sources */ = {isa = PBXBuildFile; fileRef = 767CC8CB26CB689400886929 /* ErrorResponse.swift */; };
		767CC8CE26CB68A400886929 /* GeneralResponse.swift in Sources */ = {isa = PBXBuildFile; fileRef = 767CC8CD26CB68A400886929 /* GeneralResponse.swift */; };
		767CC8D026CB68B300886929 /* LoginResponse.swift in Sources */ = {isa = PBXBuildFile; fileRef = 767CC8CF26CB68B300886929 /* LoginResponse.swift */; };
		76D3AB1C26CA15F8000EF074 /* LoginViewController.swift in Sources */ = {isa = PBXBuildFile; fileRef = 76D3AB1B26CA15F8000EF074 /* LoginViewController.swift */; };
		76D3AB1E26CA1A4E000EF074 /* WelcomeViewController.swift in Sources */ = {isa = PBXBuildFile; fileRef = 76D3AB1D26CA1A4E000EF074 /* WelcomeViewController.swift */; };
		76D3AB2026CA1ACE000EF074 /* RegisterViewController.swift in Sources */ = {isa = PBXBuildFile; fileRef = 76D3AB1F26CA1ACE000EF074 /* RegisterViewController.swift */; };
		76D3AB2326CA1D8A000EF074 /* Constants_segue.swift in Sources */ = {isa = PBXBuildFile; fileRef = 76D3AB2226CA1D8A000EF074 /* Constants_segue.swift */; };
		76D3AB2626CA1E46000EF074 /* Home.storyboard in Resources */ = {isa = PBXBuildFile; fileRef = 76D3AB2526CA1E46000EF074 /* Home.storyboard */; };
		76D3AB2826CA1ED0000EF074 /* HomeViewController.swift in Sources */ = {isa = PBXBuildFile; fileRef = 76D3AB2726CA1ED0000EF074 /* HomeViewController.swift */; };
		76FED64726C89E090058A18A /* AppDelegate.swift in Sources */ = {isa = PBXBuildFile; fileRef = 76FED64626C89E090058A18A /* AppDelegate.swift */; };
		76FED65026C89E0A0058A18A /* Assets.xcassets in Resources */ = {isa = PBXBuildFile; fileRef = 76FED64F26C89E0A0058A18A /* Assets.xcassets */; };
		76FED65326C89E0A0058A18A /* LaunchScreen.storyboard in Resources */ = {isa = PBXBuildFile; fileRef = 76FED65126C89E0A0058A18A /* LaunchScreen.storyboard */; };
/* End PBXBuildFile section */

/* Begin PBXFileReference section */
		7615531126C8A3D9003680BA /* Welcome.storyboard */ = {isa = PBXFileReference; lastKnownFileType = file.storyboard; path = Welcome.storyboard; sourceTree = "<group>"; };
		767CC8B826CB65B000886929 /* Endpoints.swift */ = {isa = PBXFileReference; lastKnownFileType = sourcecode.swift; path = Endpoints.swift; sourceTree = "<group>"; };
		767CC8BB26CB66E500886929 /* Post.swift */ = {isa = PBXFileReference; lastKnownFileType = sourcecode.swift; path = Post.swift; sourceTree = "<group>"; };
		767CC8BD26CB676900886929 /* PostLocation.swift */ = {isa = PBXFileReference; lastKnownFileType = sourcecode.swift; path = PostLocation.swift; sourceTree = "<group>"; };
		767CC8BF26CB677A00886929 /* User.swift */ = {isa = PBXFileReference; lastKnownFileType = sourcecode.swift; path = User.swift; sourceTree = "<group>"; };
		767CC8C226CB67AC00886929 /* LoginRequest.swift */ = {isa = PBXFileReference; lastKnownFileType = sourcecode.swift; path = LoginRequest.swift; sourceTree = "<group>"; };
		767CC8C426CB67BC00886929 /* PostRequest.swift */ = {isa = PBXFileReference; lastKnownFileType = sourcecode.swift; path = PostRequest.swift; sourceTree = "<group>"; };
		767CC8C626CB67C900886929 /* PostRequestLocation.swift */ = {isa = PBXFileReference; lastKnownFileType = sourcecode.swift; path = PostRequestLocation.swift; sourceTree = "<group>"; };
		767CC8C826CB683E00886929 /* RegisterRequest.swift */ = {isa = PBXFileReference; lastKnownFileType = sourcecode.swift; path = RegisterRequest.swift; sourceTree = "<group>"; };
		767CC8CB26CB689400886929 /* ErrorResponse.swift */ = {isa = PBXFileReference; lastKnownFileType = sourcecode.swift; path = ErrorResponse.swift; sourceTree = "<group>"; };
		767CC8CD26CB68A400886929 /* GeneralResponse.swift */ = {isa = PBXFileReference; lastKnownFileType = sourcecode.swift; path = GeneralResponse.swift; sourceTree = "<group>"; };
		767CC8CF26CB68B300886929 /* LoginResponse.swift */ = {isa = PBXFileReference; lastKnownFileType = sourcecode.swift; path = LoginResponse.swift; sourceTree = "<group>"; };
		76D3AB1B26CA15F8000EF074 /* LoginViewController.swift */ = {isa = PBXFileReference; lastKnownFileType = sourcecode.swift; path = LoginViewController.swift; sourceTree = "<group>"; };
		76D3AB1D26CA1A4E000EF074 /* WelcomeViewController.swift */ = {isa = PBXFileReference; lastKnownFileType = sourcecode.swift; path = WelcomeViewController.swift; sourceTree = "<group>"; };
		76D3AB1F26CA1ACE000EF074 /* RegisterViewController.swift */ = {isa = PBXFileReference; lastKnownFileType = sourcecode.swift; path = RegisterViewController.swift; sourceTree = "<group>"; };
		76D3AB2226CA1D8A000EF074 /* Constants_segue.swift */ = {isa = PBXFileReference; lastKnownFileType = sourcecode.swift; path = Constants_segue.swift; sourceTree = "<group>"; };
		76D3AB2526CA1E46000EF074 /* Home.storyboard */ = {isa = PBXFileReference; lastKnownFileType = file.storyboard; path = Home.storyboard; sourceTree = "<group>"; };
		76D3AB2726CA1ED0000EF074 /* HomeViewController.swift */ = {isa = PBXFileReference; lastKnownFileType = sourcecode.swift; path = HomeViewController.swift; sourceTree = "<group>"; };
		76FED64326C89E090058A18A /* PlatziTweets.app */ = {isa = PBXFileReference; explicitFileType = wrapper.application; includeInIndex = 0; path = PlatziTweets.app; sourceTree = BUILT_PRODUCTS_DIR; };
		76FED64626C89E090058A18A /* AppDelegate.swift */ = {isa = PBXFileReference; lastKnownFileType = sourcecode.swift; path = AppDelegate.swift; sourceTree = "<group>"; };
		76FED64F26C89E0A0058A18A /* Assets.xcassets */ = {isa = PBXFileReference; lastKnownFileType = folder.assetcatalog; path = Assets.xcassets; sourceTree = "<group>"; };
		76FED65226C89E0A0058A18A /* Base */ = {isa = PBXFileReference; lastKnownFileType = file.storyboard; name = Base; path = Base.lproj/LaunchScreen.storyboard; sourceTree = "<group>"; };
		76FED65426C89E0A0058A18A /* Info.plist */ = {isa = PBXFileReference; lastKnownFileType = text.plist.xml; path = Info.plist; sourceTree = "<group>"; };
/* End PBXFileReference section */

/* Begin PBXFrameworksBuildPhase section */
		76FED64026C89E090058A18A /* Frameworks */ = {
			isa = PBXFrameworksBuildPhase;
			buildActionMask = 2147483647;
			files = (
			);
			runOnlyForDeploymentPostprocessing = 0;
		};
/* End PBXFrameworksBuildPhase section */

/* Begin PBXGroup section */
		7615530D26C8A35F003680BA /* Resources */ = {
			isa = PBXGroup;
			children = (
				76FED64F26C89E0A0058A18A /* Assets.xcassets */,
			);
			path = Resources;
			sourceTree = "<group>";
		};
		7615530E26C8A3A5003680BA /* Commons */ = {
			isa = PBXGroup;
			children = (
				767CC8BA26CB65C100886929 /* models */,
				76FED64626C89E090058A18A /* AppDelegate.swift */,
				76FED65126C89E0A0058A18A /* LaunchScreen.storyboard */,
				767CC8B826CB65B000886929 /* Endpoints.swift */,
			);
			path = Commons;
			sourceTree = "<group>";
		};
		7615530F26C8A3BD003680BA /* Modules */ = {
			isa = PBXGroup;
			children = (
				76D3AB2426CA1E3A000EF074 /* Home */,
				7615531026C8A3C3003680BA /* Welcome */,
			);
			path = Modules;
			sourceTree = "<group>";
		};
		7615531026C8A3C3003680BA /* Welcome */ = {
			isa = PBXGroup;
			children = (
				7615531126C8A3D9003680BA /* Welcome.storyboard */,
				76D3AB1B26CA15F8000EF074 /* LoginViewController.swift */,
				76D3AB1D26CA1A4E000EF074 /* WelcomeViewController.swift */,
				76D3AB1F26CA1ACE000EF074 /* RegisterViewController.swift */,
			);
			path = Welcome;
			sourceTree = "<group>";
		};
		767CC8BA26CB65C100886929 /* models */ = {
			isa = PBXGroup;
			children = (
				767CC8CA26CB684B00886929 /* Response */,
				767CC8C126CB678B00886929 /* Request */,
				767CC8BB26CB66E500886929 /* Post.swift */,
				767CC8BD26CB676900886929 /* PostLocation.swift */,
				767CC8BF26CB677A00886929 /* User.swift */,
			);
			path = models;
			sourceTree = "<group>";
		};
		767CC8C126CB678B00886929 /* Request */ = {
			isa = PBXGroup;
			children = (
				767CC8C226CB67AC00886929 /* LoginRequest.swift */,
				767CC8C426CB67BC00886929 /* PostRequest.swift */,
				767CC8C626CB67C900886929 /* PostRequestLocation.swift */,
				767CC8C826CB683E00886929 /* RegisterRequest.swift */,
			);
			path = Request;
			sourceTree = "<group>";
		};
		767CC8CA26CB684B00886929 /* Response */ = {
			isa = PBXGroup;
			children = (
				767CC8CB26CB689400886929 /* ErrorResponse.swift */,
				767CC8CD26CB68A400886929 /* GeneralResponse.swift */,
				767CC8CF26CB68B300886929 /* LoginResponse.swift */,
			);
			path = Response;
			sourceTree = "<group>";
		};
		76D3AB2126CA1D34000EF074 /* Constants */ = {
			isa = PBXGroup;
			children = (
				76D3AB2226CA1D8A000EF074 /* Constants_segue.swift */,
			);
			path = Constants;
			sourceTree = "<group>";
		};
		76D3AB2426CA1E3A000EF074 /* Home */ = {
			isa = PBXGroup;
			children = (
				76D3AB2526CA1E46000EF074 /* Home.storyboard */,
				76D3AB2726CA1ED0000EF074 /* HomeViewController.swift */,
			);
			path = Home;
			sourceTree = "<group>";
		};
		76FED63A26C89E090058A18A = {
			isa = PBXGroup;
			children = (
				76FED64526C89E090058A18A /* PlatziTweets */,
				76FED64426C89E090058A18A /* Products */,
				D9122C82ECD0CA5A378B8FB9 /* Pods */,
			);
			sourceTree = "<group>";
		};
		76FED64426C89E090058A18A /* Products */ = {
			isa = PBXGroup;
			children = (
				76FED64326C89E090058A18A /* PlatziTweets.app */,
			);
			name = Products;
			sourceTree = "<group>";
		};
		76FED64526C89E090058A18A /* PlatziTweets */ = {
			isa = PBXGroup;
			children = (
				76D3AB2126CA1D34000EF074 /* Constants */,
				7615530F26C8A3BD003680BA /* Modules */,
				7615530E26C8A3A5003680BA /* Commons */,
				7615530D26C8A35F003680BA /* Resources */,
				76FED65426C89E0A0058A18A /* Info.plist */,
			);
			path = PlatziTweets;
			sourceTree = "<group>";
		};
		D9122C82ECD0CA5A378B8FB9 /* Pods */ = {
			isa = PBXGroup;
			children = (
			);
			path = Pods;
			sourceTree = "<group>";
		};
/* End PBXGroup section */

/* Begin PBXNativeTarget section */
		76FED64226C89E090058A18A /* PlatziTweets */ = {
			isa = PBXNativeTarget;
			buildConfigurationList = 76FED65726C89E0A0058A18A /* Build configuration list for PBXNativeTarget "PlatziTweets" */;
			buildPhases = (
				76FED63F26C89E090058A18A /* Sources */,
				76FED64026C89E090058A18A /* Frameworks */,
				76FED64126C89E090058A18A /* Resources */,
			);
			buildRules = (
			);
			dependencies = (
			);
			name = PlatziTweets;
			productName = PlatziTweets;
			productReference = 76FED64326C89E090058A18A /* PlatziTweets.app */;
			productType = "com.apple.product-type.application";
		};
/* End PBXNativeTarget section */

/* Begin PBXProject section */
		76FED63B26C89E090058A18A /* Project object */ = {
			isa = PBXProject;
			attributes = {
				LastSwiftUpdateCheck = 1250;
				LastUpgradeCheck = 1250;
				TargetAttributes = {
					76FED64226C89E090058A18A = {
						CreatedOnToolsVersion = 12.5.1;
					};
				};
			};
			buildConfigurationList = 76FED63E26C89E090058A18A /* Build configuration list for PBXProject "PlatziTweets" */;
			compatibilityVersion = "Xcode 9.3";
			developmentRegion = en;
			hasScannedForEncodings = 0;
			knownRegions = (
				en,
				Base,
			);
			mainGroup = 76FED63A26C89E090058A18A;
			productRefGroup = 76FED64426C89E090058A18A /* Products */;
			projectDirPath = "";
			projectRoot = "";
			targets = (
				76FED64226C89E090058A18A /* PlatziTweets */,
			);
		};
/* End PBXProject section */

/* Begin PBXResourcesBuildPhase section */
		76FED64126C89E090058A18A /* Resources */ = {
			isa = PBXResourcesBuildPhase;
			buildActionMask = 2147483647;
			files = (
				7615531226C8A3D9003680BA /* Welcome.storyboard in Resources */,
				76FED65326C89E0A0058A18A /* LaunchScreen.storyboard in Resources */,
				76FED65026C89E0A0058A18A /* Assets.xcassets in Resources */,
				76D3AB2626CA1E46000EF074 /* Home.storyboard in Resources */,
			);
			runOnlyForDeploymentPostprocessing = 0;
		};
/* End PBXResourcesBuildPhase section */

/* Begin PBXSourcesBuildPhase section */
		76FED63F26C89E090058A18A /* Sources */ = {
			isa = PBXSourcesBuildPhase;
			buildActionMask = 2147483647;
			files = (
				767CC8CC26CB689400886929 /* ErrorResponse.swift in Sources */,
				76D3AB1E26CA1A4E000EF074 /* WelcomeViewController.swift in Sources */,
				76D3AB1C26CA15F8000EF074 /* LoginViewController.swift in Sources */,
				767CC8C726CB67C900886929 /* PostRequestLocation.swift in Sources */,
				767CC8BE26CB676900886929 /* PostLocation.swift in Sources */,
				767CC8C926CB683E00886929 /* RegisterRequest.swift in Sources */,
				76D3AB2326CA1D8A000EF074 /* Constants_segue.swift in Sources */,
				767CC8BC26CB66E500886929 /* Post.swift in Sources */,
				767CC8B926CB65B000886929 /* Endpoints.swift in Sources */,
				76FED64726C89E090058A18A /* AppDelegate.swift in Sources */,
				767CC8C526CB67BC00886929 /* PostRequest.swift in Sources */,
				76D3AB2026CA1ACE000EF074 /* RegisterViewController.swift in Sources */,
				767CC8C026CB677A00886929 /* User.swift in Sources */,
				767CC8CE26CB68A400886929 /* GeneralResponse.swift in Sources */,
				76D3AB2826CA1ED0000EF074 /* HomeViewController.swift in Sources */,
				767CC8D026CB68B300886929 /* LoginResponse.swift in Sources */,
				767CC8C326CB67AC00886929 /* LoginRequest.swift in Sources */,
			);
			runOnlyForDeploymentPostprocessing = 0;
		};
/* End PBXSourcesBuildPhase section */

/* Begin PBXVariantGroup section */
		76FED65126C89E0A0058A18A /* LaunchScreen.storyboard */ = {
			isa = PBXVariantGroup;
			children = (
				76FED65226C89E0A0058A18A /* Base */,
			);
			name = LaunchScreen.storyboard;
			sourceTree = "<group>";
		};
/* End PBXVariantGroup section */

/* Begin XCBuildConfiguration section */
		76FED65526C89E0A0058A18A /* Debug */ = {
			isa = XCBuildConfiguration;
			buildSettings = {
				ALWAYS_SEARCH_USER_PATHS = NO;
				CLANG_ANALYZER_NONNULL = YES;
				CLANG_ANALYZER_NUMBER_OBJECT_CONVERSION = YES_AGGRESSIVE;
				CLANG_CXX_LANGUAGE_STANDARD = "gnu++14";
				CLANG_CXX_LIBRARY = "libc++";
				CLANG_ENABLE_MODULES = YES;
				CLANG_ENABLE_OBJC_ARC = YES;
				CLANG_ENABLE_OBJC_WEAK = YES;
				CLANG_WARN_BLOCK_CAPTURE_AUTORELEASING = YES;
				CLANG_WARN_BOOL_CONVERSION = YES;
				CLANG_WARN_COMMA = YES;
				CLANG_WARN_CONSTANT_CONVERSION = YES;
				CLANG_WARN_DEPRECATED_OBJC_IMPLEMENTATIONS = YES;
				CLANG_WARN_DIRECT_OBJC_ISA_USAGE = YES_ERROR;
				CLANG_WARN_DOCUMENTATION_COMMENTS = YES;
				CLANG_WARN_EMPTY_BODY = YES;
				CLANG_WARN_ENUM_CONVERSION = YES;
				CLANG_WARN_INFINITE_RECURSION = YES;
				CLANG_WARN_INT_CONVERSION = YES;
				CLANG_WARN_NON_LITERAL_NULL_CONVERSION = YES;
				CLANG_WARN_OBJC_IMPLICIT_RETAIN_SELF = YES;
				CLANG_WARN_OBJC_LITERAL_CONVERSION = YES;
				CLANG_WARN_OBJC_ROOT_CLASS = YES_ERROR;
				CLANG_WARN_QUOTED_INCLUDE_IN_FRAMEWORK_HEADER = YES;
				CLANG_WARN_RANGE_LOOP_ANALYSIS = YES;
				CLANG_WARN_STRICT_PROTOTYPES = YES;
				CLANG_WARN_SUSPICIOUS_MOVE = YES;
				CLANG_WARN_UNGUARDED_AVAILABILITY = YES_AGGRESSIVE;
				CLANG_WARN_UNREACHABLE_CODE = YES;
				CLANG_WARN__DUPLICATE_METHOD_MATCH = YES;
				COPY_PHASE_STRIP = NO;
				DEBUG_INFORMATION_FORMAT = dwarf;
				ENABLE_STRICT_OBJC_MSGSEND = YES;
				ENABLE_TESTABILITY = YES;
				GCC_C_LANGUAGE_STANDARD = gnu11;
				GCC_DYNAMIC_NO_PIC = NO;
				GCC_NO_COMMON_BLOCKS = YES;
				GCC_OPTIMIZATION_LEVEL = 0;
				GCC_PREPROCESSOR_DEFINITIONS = (
					"DEBUG=1",
					"$(inherited)",
				);
				GCC_WARN_64_TO_32_BIT_CONVERSION = YES;
				GCC_WARN_ABOUT_RETURN_TYPE = YES_ERROR;
				GCC_WARN_UNDECLARED_SELECTOR = YES;
				GCC_WARN_UNINITIALIZED_AUTOS = YES_AGGRESSIVE;
				GCC_WARN_UNUSED_FUNCTION = YES;
				GCC_WARN_UNUSED_VARIABLE = YES;
				IPHONEOS_DEPLOYMENT_TARGET = 14.5;
				MTL_ENABLE_DEBUG_INFO = INCLUDE_SOURCE;
				MTL_FAST_MATH = YES;
				ONLY_ACTIVE_ARCH = YES;
				SDKROOT = iphoneos;
				SWIFT_ACTIVE_COMPILATION_CONDITIONS = DEBUG;
				SWIFT_OPTIMIZATION_LEVEL = "-Onone";
			};
			name = Debug;
		};
		76FED65626C89E0A0058A18A /* Release */ = {
			isa = XCBuildConfiguration;
			buildSettings = {
				ALWAYS_SEARCH_USER_PATHS = NO;
				CLANG_ANALYZER_NONNULL = YES;
				CLANG_ANALYZER_NUMBER_OBJECT_CONVERSION = YES_AGGRESSIVE;
				CLANG_CXX_LANGUAGE_STANDARD = "gnu++14";
				CLANG_CXX_LIBRARY = "libc++";
				CLANG_ENABLE_MODULES = YES;
				CLANG_ENABLE_OBJC_ARC = YES;
				CLANG_ENABLE_OBJC_WEAK = YES;
				CLANG_WARN_BLOCK_CAPTURE_AUTORELEASING = YES;
				CLANG_WARN_BOOL_CONVERSION = YES;
				CLANG_WARN_COMMA = YES;
				CLANG_WARN_CONSTANT_CONVERSION = YES;
				CLANG_WARN_DEPRECATED_OBJC_IMPLEMENTATIONS = YES;
				CLANG_WARN_DIRECT_OBJC_ISA_USAGE = YES_ERROR;
				CLANG_WARN_DOCUMENTATION_COMMENTS = YES;
				CLANG_WARN_EMPTY_BODY = YES;
				CLANG_WARN_ENUM_CONVERSION = YES;
				CLANG_WARN_INFINITE_RECURSION = YES;
				CLANG_WARN_INT_CONVERSION = YES;
				CLANG_WARN_NON_LITERAL_NULL_CONVERSION = YES;
				CLANG_WARN_OBJC_IMPLICIT_RETAIN_SELF = YES;
				CLANG_WARN_OBJC_LITERAL_CONVERSION = YES;
				CLANG_WARN_OBJC_ROOT_CLASS = YES_ERROR;
				CLANG_WARN_QUOTED_INCLUDE_IN_FRAMEWORK_HEADER = YES;
				CLANG_WARN_RANGE_LOOP_ANALYSIS = YES;
				CLANG_WARN_STRICT_PROTOTYPES = YES;
				CLANG_WARN_SUSPICIOUS_MOVE = YES;
				CLANG_WARN_UNGUARDED_AVAILABILITY = YES_AGGRESSIVE;
				CLANG_WARN_UNREACHABLE_CODE = YES;
				CLANG_WARN__DUPLICATE_METHOD_MATCH = YES;
				COPY_PHASE_STRIP = NO;
				DEBUG_INFORMATION_FORMAT = "dwarf-with-dsym";
				ENABLE_NS_ASSERTIONS = NO;
				ENABLE_STRICT_OBJC_MSGSEND = YES;
				GCC_C_LANGUAGE_STANDARD = gnu11;
				GCC_NO_COMMON_BLOCKS = YES;
				GCC_WARN_64_TO_32_BIT_CONVERSION = YES;
				GCC_WARN_ABOUT_RETURN_TYPE = YES_ERROR;
				GCC_WARN_UNDECLARED_SELECTOR = YES;
				GCC_WARN_UNINITIALIZED_AUTOS = YES_AGGRESSIVE;
				GCC_WARN_UNUSED_FUNCTION = YES;
				GCC_WARN_UNUSED_VARIABLE = YES;
				IPHONEOS_DEPLOYMENT_TARGET = 14.5;
				MTL_ENABLE_DEBUG_INFO = NO;
				MTL_FAST_MATH = YES;
				SDKROOT = iphoneos;
				SWIFT_COMPILATION_MODE = wholemodule;
				SWIFT_OPTIMIZATION_LEVEL = "-O";
				VALIDATE_PRODUCT = YES;
			};
			name = Release;
		};
		76FED65826C89E0A0058A18A /* Debug */ = {
			isa = XCBuildConfiguration;
			buildSettings = {
				ASSETCATALOG_COMPILER_APPICON_NAME = AppIcon;
				ASSETCATALOG_COMPILER_GLOBAL_ACCENT_COLOR_NAME = AccentColor;
				CODE_SIGN_STYLE = Automatic;
				INFOPLIST_FILE = PlatziTweets/Info.plist;
				IPHONEOS_DEPLOYMENT_TARGET = 10.2;
				LD_RUNPATH_SEARCH_PATHS = (
					"$(inherited)",
					"@executable_path/Frameworks",
				);
				PRODUCT_BUNDLE_IDENTIFIER = com.iscrozo.PlatziTweets;
				PRODUCT_NAME = "$(TARGET_NAME)";
				SWIFT_VERSION = 5.0;
				TARGETED_DEVICE_FAMILY = 1;
			};
			name = Debug;
		};
		76FED65926C89E0A0058A18A /* Release */ = {
			isa = XCBuildConfiguration;
			buildSettings = {
				ASSETCATALOG_COMPILER_APPICON_NAME = AppIcon;
				ASSETCATALOG_COMPILER_GLOBAL_ACCENT_COLOR_NAME = AccentColor;
				CODE_SIGN_STYLE = Automatic;
				INFOPLIST_FILE = PlatziTweets/Info.plist;
				IPHONEOS_DEPLOYMENT_TARGET = 10.2;
				LD_RUNPATH_SEARCH_PATHS = (
					"$(inherited)",
					"@executable_path/Frameworks",
				);
				PRODUCT_BUNDLE_IDENTIFIER = com.iscrozo.PlatziTweets;
				PRODUCT_NAME = "$(TARGET_NAME)";
				SWIFT_VERSION = 5.0;
				TARGETED_DEVICE_FAMILY = 1;
			};
			name = Release;
		};
/* End XCBuildConfiguration section */

/* Begin XCConfigurationList section */
		76FED63E26C89E090058A18A /* Build configuration list for PBXProject "PlatziTweets" */ = {
			isa = XCConfigurationList;
			buildConfigurations = (
				76FED65526C89E0A0058A18A /* Debug */,
				76FED65626C89E0A0058A18A /* Release */,
			);
			defaultConfigurationIsVisible = 0;
			defaultConfigurationName = Release;
		};
		76FED65726C89E0A0058A18A /* Build configuration list for PBXNativeTarget "PlatziTweets" */ = {
			isa = XCConfigurationList;
			buildConfigurations = (
				76FED65826C89E0A0058A18A /* Debug */,
				76FED65926C89E0A0058A18A /* Release */,
			);
			defaultConfigurationIsVisible = 0;
			defaultConfigurationName = Release;
		};
/* End XCConfigurationList section */
	};
	rootObject = 76FED63B26C89E090058A18A /* Project object */;
}
